// !$*UTF8*$!
{
	archiveVersion = 1;
	classes = {
	};
	objectVersion = 77;
	objects = {

/* Begin PBXBuildFile section */
		260B3BAC2F4F7A5E002000BD /* AIChatCourse - Development.xctestplan in Resources */ = {isa = PBXBuildFile; fileRef = 2696C1372F4F542A00B6EB77 /* AIChatCourse - Development.xctestplan */; };
		260B3BAD2F4F7A5E002000BD /* AIChatCourse - Development.xctestplan in Resources */ = {isa = PBXBuildFile; fileRef = 2696C1372F4F542A00B6EB77 /* AIChatCourse - Development.xctestplan */; };
		260B3BAE2F4F7A5E002000BD /* AIChatCourse - Development.xctestplan in Resources */ = {isa = PBXBuildFile; fileRef = 2696C1372F4F542A00B6EB77 /* AIChatCourse - Development.xctestplan */; };
		260B3BAF2F4F7A64002000BD /* AIChatCourse - Production.xctestplan in Resources */ = {isa = PBXBuildFile; fileRef = 2696C1362F4F540800B6EB77 /* AIChatCourse - Production.xctestplan */; };
		260B3BB02F4F7A64002000BD /* AIChatCourse - Production.xctestplan in Resources */ = {isa = PBXBuildFile; fileRef = 2696C1362F4F540800B6EB77 /* AIChatCourse - Production.xctestplan */; };
		260B3BB12F4F7A64002000BD /* AIChatCourse - Production.xctestplan in Resources */ = {isa = PBXBuildFile; fileRef = 2696C1362F4F540800B6EB77 /* AIChatCourse - Production.xctestplan */; };
		260C87972F0705DC0078F742 /* SDWebImageSwiftUI in Frameworks */ = {isa = PBXBuildFile; productRef = 260C87962F0705DC0078F742 /* SDWebImageSwiftUI */; };
		262536612F37CD870008B70C /* Mixpanel in Frameworks */ = {isa = PBXBuildFile; productRef = 262536602F37CD870008B70C /* Mixpanel */; };
		262536632F37D23B0008B70C /* FirebaseCrashlytics in Frameworks */ = {isa = PBXBuildFile; productRef = 262536622F37D23B0008B70C /* FirebaseCrashlytics */; };
		2671E6182F47966E00178008 /* FirebaseRemoteConfig in Frameworks */ = {isa = PBXBuildFile; productRef = 2671E6172F47966E00178008 /* FirebaseRemoteConfig */; };
		26A3265C2F49F69E0047D76B /* StoreKit.framework in Frameworks */ = {isa = PBXBuildFile; fileRef = 26A3265B2F49F69E0047D76B /* StoreKit.framework */; };
		26A38EC42F48767000598FF2 /* FirebaseInstallations in Frameworks */ = {isa = PBXBuildFile; productRef = 26A38EC32F48767000598FF2 /* FirebaseInstallations */; };
		26A528452F2FD1F90065FCFF /* SignInAppleAsync in Frameworks */ = {isa = PBXBuildFile; productRef = 26A528442F2FD1F90065FCFF /* SignInAppleAsync */; };
		26A92EB12F142FDA007A738A /* FirebaseFirestore in Frameworks */ = {isa = PBXBuildFile; productRef = 26A92EB02F142FDA007A738A /* FirebaseFirestore */; };
		26A92EB42F145E7D007A738A /* SwiftfulFirestore in Frameworks */ = {isa = PBXBuildFile; productRef = 26A92EB32F145E7D007A738A /* SwiftfulFirestore */; };
		26C599762F0FAF2200D7A1DE /* FirebaseAuth in Frameworks */ = {isa = PBXBuildFile; productRef = 26C599752F0FAF2200D7A1DE /* FirebaseAuth */; };
		26CF26702F4B981900C04FEF /* RevenueCat in Frameworks */ = {isa = PBXBuildFile; productRef = 26CF266F2F4B981900C04FEF /* RevenueCat */; };
		26CF26722F4B981900C04FEF /* RevenueCatUI in Frameworks */ = {isa = PBXBuildFile; productRef = 26CF26712F4B981900C04FEF /* RevenueCatUI */; };
		26F02C102F36396100270AC3 /* FirebaseAnalytics in Frameworks */ = {isa = PBXBuildFile; productRef = 26F02C0F2F36396100270AC3 /* FirebaseAnalytics */; };
		26F1AAB62F17E5A800B18BF9 /* FirebaseStorage in Frameworks */ = {isa = PBXBuildFile; productRef = 26F1AAB52F17E5A800B18BF9 /* FirebaseStorage */; };
		26FD54D52F44FB8000364A2E /* FirebaseFunctions in Frameworks */ = {isa = PBXBuildFile; productRef = 26FD54D42F44FB8000364A2E /* FirebaseFunctions */; };
/* End PBXBuildFile section */

/* Begin PBXContainerItemProxy section */
		26A21AE62F4DC62D0039E2B3 /* PBXContainerItemProxy */ = {
			isa = PBXContainerItemProxy;
			containerPortal = 26CA90EA2F032E9500E21190 /* Project object */;
			proxyType = 1;
			remoteGlobalIDString = 26CA90F12F032E9500E21190;
			remoteInfo = AIChatCourse;
		};
		26A21B062F4E062D0039E2B3 /* PBXContainerItemProxy */ = {
			isa = PBXContainerItemProxy;
			containerPortal = 26CA90EA2F032E9500E21190 /* Project object */;
			proxyType = 1;
			remoteGlobalIDString = 26CA90F12F032E9500E21190;
			remoteInfo = AIChatCourse;
		};
/* End PBXContainerItemProxy section */

/* Begin PBXFileReference section */
		2696C1362F4F540800B6EB77 /* AIChatCourse - Production.xctestplan */ = {isa = PBXFileReference; lastKnownFileType = text; path = "AIChatCourse - Production.xctestplan"; sourceTree = "<group>"; };
		2696C1372F4F542A00B6EB77 /* AIChatCourse - Development.xctestplan */ = {isa = PBXFileReference; lastKnownFileType = text; name = "AIChatCourse - Development.xctestplan"; path = "../AIChatCourse - Development.xctestplan"; sourceTree = "<group>"; };
		26A21AE22F4DC62D0039E2B3 /* AIChatCourseTests.xctest */ = {isa = PBXFileReference; explicitFileType = wrapper.cfbundle; includeInIndex = 0; path = AIChatCourseTests.xctest; sourceTree = BUILT_PRODUCTS_DIR; };
		26A21B002F4E062D0039E2B3 /* AIChatCourseUITests.xctest */ = {isa = PBXFileReference; explicitFileType = wrapper.cfbundle; includeInIndex = 0; path = AIChatCourseUITests.xctest; sourceTree = BUILT_PRODUCTS_DIR; };
		26A3265B2F49F69E0047D76B /* StoreKit.framework */ = {isa = PBXFileReference; lastKnownFileType = wrapper.framework; name = StoreKit.framework; path = System/Library/Frameworks/StoreKit.framework; sourceTree = SDKROOT; };
		26CA90F22F032E9500E21190 /* AIChatCourse.app */ = {isa = PBXFileReference; explicitFileType = wrapper.application; includeInIndex = 0; path = AIChatCourse.app; sourceTree = BUILT_PRODUCTS_DIR; };
/* End PBXFileReference section */

/* Begin PBXFileSystemSynchronizedBuildFileExceptionSet section */
		26A21B112F4E25610039E2B3 /* Exceptions for "AIChatCourse" folder in "AIChatCourseUITests" target */ = {
			isa = PBXFileSystemSynchronizedBuildFileExceptionSet;
			membershipExceptions = (
				Utilities/App/LaunchArgumentOptions.swift,
			);
			target = 26A21AFF2F4E062D0039E2B3 /* AIChatCourseUITests */;
		};
		26DB23282F16E96E00AC2660 /* Exceptions for "AIChatCourse" folder in "AIChatCourse" target */ = {
			isa = PBXFileSystemSynchronizedBuildFileExceptionSet;
			membershipExceptions = (
				Info.plist,
			);
			target = 26CA90F12F032E9500E21190 /* AIChatCourse */;
		};
/* End PBXFileSystemSynchronizedBuildFileExceptionSet section */

/* Begin PBXFileSystemSynchronizedRootGroup section */
		26A21AE32F4DC62D0039E2B3 /* AIChatCourseTests */ = {
			isa = PBXFileSystemSynchronizedRootGroup;
			path = AIChatCourseTests;
			sourceTree = "<group>";
		};
		26A21B012F4E062D0039E2B3 /* AIChatCourseUITests */ = {
			isa = PBXFileSystemSynchronizedRootGroup;
			path = AIChatCourseUITests;
			sourceTree = "<group>";
		};
		26CA90F42F032E9500E21190 /* AIChatCourse */ = {
			isa = PBXFileSystemSynchronizedRootGroup;
			exceptions = (
				26DB23282F16E96E00AC2660 /* Exceptions for "AIChatCourse" folder in "AIChatCourse" target */,
				26A21B112F4E25610039E2B3 /* Exceptions for "AIChatCourse" folder in "AIChatCourseUITests" target */,
			);
			path = AIChatCourse;
			sourceTree = "<group>";
		};
/* End PBXFileSystemSynchronizedRootGroup section */

/* Begin PBXFrameworksBuildPhase section */
		26A21ADF2F4DC62D0039E2B3 /* Frameworks */ = {
			isa = PBXFrameworksBuildPhase;
			buildActionMask = 2147483647;
			files = (
			);
			runOnlyForDeploymentPostprocessing = 0;
		};
		26A21AFD2F4E062D0039E2B3 /* Frameworks */ = {
			isa = PBXFrameworksBuildPhase;
			buildActionMask = 2147483647;
			files = (
			);
			runOnlyForDeploymentPostprocessing = 0;
		};
		26CA90EF2F032E9500E21190 /* Frameworks */ = {
			isa = PBXFrameworksBuildPhase;
			buildActionMask = 2147483647;
			files = (
				2671E6182F47966E00178008 /* FirebaseRemoteConfig in Frameworks */,
				26A92EB42F145E7D007A738A /* SwiftfulFirestore in Frameworks */,
				26CF26702F4B981900C04FEF /* RevenueCat in Frameworks */,
				26F02C102F36396100270AC3 /* FirebaseAnalytics in Frameworks */,
				26A38EC42F48767000598FF2 /* FirebaseInstallations in Frameworks */,
				260C87972F0705DC0078F742 /* SDWebImageSwiftUI in Frameworks */,
				26A528452F2FD1F90065FCFF /* SignInAppleAsync in Frameworks */,
				26C599762F0FAF2200D7A1DE /* FirebaseAuth in Frameworks */,
				26CF26722F4B981900C04FEF /* RevenueCatUI in Frameworks */,
				262536612F37CD870008B70C /* Mixpanel in Frameworks */,
				262536632F37D23B0008B70C /* FirebaseCrashlytics in Frameworks */,
				26A92EB12F142FDA007A738A /* FirebaseFirestore in Frameworks */,
				26FD54D52F44FB8000364A2E /* FirebaseFunctions in Frameworks */,
				26A3265C2F49F69E0047D76B /* StoreKit.framework in Frameworks */,
				26F1AAB62F17E5A800B18BF9 /* FirebaseStorage in Frameworks */,
			);
			runOnlyForDeploymentPostprocessing = 0;
		};
/* End PBXFrameworksBuildPhase section */

/* Begin PBXGroup section */
		26A92EAF2F142FDA007A738A /* Frameworks */ = {
			isa = PBXGroup;
			children = (
				26A3265B2F49F69E0047D76B /* StoreKit.framework */,
			);
			name = Frameworks;
			sourceTree = "<group>";
		};
		26CA90E92F032E9500E21190 = {
			isa = PBXGroup;
			children = (
				2696C1372F4F542A00B6EB77 /* AIChatCourse - Development.xctestplan */,
				2696C1362F4F540800B6EB77 /* AIChatCourse - Production.xctestplan */,
				26CA90F42F032E9500E21190 /* AIChatCourse */,
				26A21AE32F4DC62D0039E2B3 /* AIChatCourseTests */,
				26A21B012F4E062D0039E2B3 /* AIChatCourseUITests */,
				26A92EAF2F142FDA007A738A /* Frameworks */,
				26CA90F32F032E9500E21190 /* Products */,
			);
			sourceTree = "<group>";
		};
		26CA90F32F032E9500E21190 /* Products */ = {
			isa = PBXGroup;
			children = (
				26CA90F22F032E9500E21190 /* AIChatCourse.app */,
				26A21AE22F4DC62D0039E2B3 /* AIChatCourseTests.xctest */,
				26A21B002F4E062D0039E2B3 /* AIChatCourseUITests.xctest */,
			);
			name = Products;
			sourceTree = "<group>";
		};
/* End PBXGroup section */

/* Begin PBXNativeTarget section */
		26A21AE12F4DC62D0039E2B3 /* AIChatCourseTests */ = {
			isa = PBXNativeTarget;
			buildConfigurationList = 26A21AE82F4DC62D0039E2B3 /* Build configuration list for PBXNativeTarget "AIChatCourseTests" */;
			buildPhases = (
				26A21ADE2F4DC62D0039E2B3 /* Sources */,
				26A21ADF2F4DC62D0039E2B3 /* Frameworks */,
				26A21AE02F4DC62D0039E2B3 /* Resources */,
			);
			buildRules = (
			);
			dependencies = (
				26A21AE72F4DC62D0039E2B3 /* PBXTargetDependency */,
			);
			fileSystemSynchronizedGroups = (
				26A21AE32F4DC62D0039E2B3 /* AIChatCourseTests */,
			);
			name = AIChatCourseTests;
			packageProductDependencies = (
			);
			productName = AIChatCourseTests;
			productReference = 26A21AE22F4DC62D0039E2B3 /* AIChatCourseTests.xctest */;
			productType = "com.apple.product-type.bundle.unit-test";
		};
		26A21AFF2F4E062D0039E2B3 /* AIChatCourseUITests */ = {
			isa = PBXNativeTarget;
			buildConfigurationList = 26A21B082F4E062D0039E2B3 /* Build configuration list for PBXNativeTarget "AIChatCourseUITests" */;
			buildPhases = (
				26A21AFC2F4E062D0039E2B3 /* Sources */,
				26A21AFD2F4E062D0039E2B3 /* Frameworks */,
				26A21AFE2F4E062D0039E2B3 /* Resources */,
			);
			buildRules = (
			);
			dependencies = (
				26A21B072F4E062D0039E2B3 /* PBXTargetDependency */,
			);
			fileSystemSynchronizedGroups = (
				26A21B012F4E062D0039E2B3 /* AIChatCourseUITests */,
			);
			name = AIChatCourseUITests;
			packageProductDependencies = (
			);
			productName = AIChatCourseUITests;
			productReference = 26A21B002F4E062D0039E2B3 /* AIChatCourseUITests.xctest */;
			productType = "com.apple.product-type.bundle.ui-testing";
		};
		26CA90F12F032E9500E21190 /* AIChatCourse */ = {
			isa = PBXNativeTarget;
			buildConfigurationList = 26CA91132F032E9800E21190 /* Build configuration list for PBXNativeTarget "AIChatCourse" */;
			buildPhases = (
				26CA90EE2F032E9500E21190 /* Sources */,
				26CA90EF2F032E9500E21190 /* Frameworks */,
				26CA90F02F032E9500E21190 /* Resources */,
				2623D4DC2F04714C004D70D5 /* Run Script (SwiftLint) */,
				262536642F37D2F60008B70C /* Run Script (Crashlytics) */,
			);
			buildRules = (
			);
			dependencies = (
			);
			fileSystemSynchronizedGroups = (
				26CA90F42F032E9500E21190 /* AIChatCourse */,
			);
			name = AIChatCourse;
			packageProductDependencies = (
				260C87962F0705DC0078F742 /* SDWebImageSwiftUI */,
				26C599752F0FAF2200D7A1DE /* FirebaseAuth */,
				26A92EB02F142FDA007A738A /* FirebaseFirestore */,
				26A92EB32F145E7D007A738A /* SwiftfulFirestore */,
				26F1AAB52F17E5A800B18BF9 /* FirebaseStorage */,
				26A528442F2FD1F90065FCFF /* SignInAppleAsync */,
				26F02C0F2F36396100270AC3 /* FirebaseAnalytics */,
				262536602F37CD870008B70C /* Mixpanel */,
				262536622F37D23B0008B70C /* FirebaseCrashlytics */,
				26FD54D42F44FB8000364A2E /* FirebaseFunctions */,
				2671E6172F47966E00178008 /* FirebaseRemoteConfig */,
				26A38EC32F48767000598FF2 /* FirebaseInstallations */,
				26CF266F2F4B981900C04FEF /* RevenueCat */,
				26CF26712F4B981900C04FEF /* RevenueCatUI */,
			);
			productName = AIChatCourse;
			productReference = 26CA90F22F032E9500E21190 /* AIChatCourse.app */;
			productType = "com.apple.product-type.application";
		};
/* End PBXNativeTarget section */

/* Begin PBXProject section */
		26CA90EA2F032E9500E21190 /* Project object */ = {
			isa = PBXProject;
			attributes = {
				BuildIndependentTargetsInParallel = 1;
				LastSwiftUpdateCheck = 2620;
				LastUpgradeCheck = 2620;
				TargetAttributes = {
					26A21AE12F4DC62D0039E2B3 = {
						CreatedOnToolsVersion = 26.2;
						TestTargetID = 26CA90F12F032E9500E21190;
					};
					26A21AFF2F4E062D0039E2B3 = {
						CreatedOnToolsVersion = 26.2;
						TestTargetID = 26CA90F12F032E9500E21190;
					};
					26CA90F12F032E9500E21190 = {
						CreatedOnToolsVersion = 26.2;
					};
				};
			};
			buildConfigurationList = 26CA90ED2F032E9500E21190 /* Build configuration list for PBXProject "AIChatCourse" */;
			developmentRegion = en;
			hasScannedForEncodings = 0;
			knownRegions = (
				en,
				Base,
			);
			mainGroup = 26CA90E92F032E9500E21190;
			minimizedProjectReferenceProxies = 1;
			packageReferences = (
				260C87952F0705DC0078F742 /* XCRemoteSwiftPackageReference "SDWebImageSwiftUI" */,
				26C599742F0FAF2200D7A1DE /* XCRemoteSwiftPackageReference "firebase-ios-sdk" */,
				26A92EB22F145E7D007A738A /* XCRemoteSwiftPackageReference "SwiftfulFirestore" */,
				26A528432F2FD1F90065FCFF /* XCRemoteSwiftPackageReference "SignInAppleAsync" */,
				2625365F2F37CD870008B70C /* XCRemoteSwiftPackageReference "mixpanel-swift" */,
				26CF266E2F4B981900C04FEF /* XCRemoteSwiftPackageReference "purchases-ios" */,
			);
			preferredProjectObjectVersion = 77;
			productRefGroup = 26CA90F32F032E9500E21190 /* Products */;
			projectDirPath = "";
			projectRoot = "";
			targets = (
				26CA90F12F032E9500E21190 /* AIChatCourse */,
				26A21AE12F4DC62D0039E2B3 /* AIChatCourseTests */,
				26A21AFF2F4E062D0039E2B3 /* AIChatCourseUITests */,
			);
		};
/* End PBXProject section */

/* Begin PBXResourcesBuildPhase section */
		26A21AE02F4DC62D0039E2B3 /* Resources */ = {
			isa = PBXResourcesBuildPhase;
			buildActionMask = 2147483647;
			files = (
				260B3BAD2F4F7A5E002000BD /* AIChatCourse - Development.xctestplan in Resources */,
				260B3BB02F4F7A64002000BD /* AIChatCourse - Production.xctestplan in Resources */,
			);
			runOnlyForDeploymentPostprocessing = 0;
		};
		26A21AFE2F4E062D0039E2B3 /* Resources */ = {
			isa = PBXResourcesBuildPhase;
			buildActionMask = 2147483647;
			files = (
				260B3BAE2F4F7A5E002000BD /* AIChatCourse - Development.xctestplan in Resources */,
				260B3BB12F4F7A64002000BD /* AIChatCourse - Production.xctestplan in Resources */,
			);
			runOnlyForDeploymentPostprocessing = 0;
		};
		26CA90F02F032E9500E21190 /* Resources */ = {
			isa = PBXResourcesBuildPhase;
			buildActionMask = 2147483647;
			files = (
				260B3BAC2F4F7A5E002000BD /* AIChatCourse - Development.xctestplan in Resources */,
				260B3BAF2F4F7A64002000BD /* AIChatCourse - Production.xctestplan in Resources */,
			);
			runOnlyForDeploymentPostprocessing = 0;
		};
/* End PBXResourcesBuildPhase section */

/* Begin PBXShellScriptBuildPhase section */
		2623D4DC2F04714C004D70D5 /* Run Script (SwiftLint) */ = {
			isa = PBXShellScriptBuildPhase;
			alwaysOutOfDate = 1;
			buildActionMask = 2147483647;
			files = (
			);
			inputFileListPaths = (
			);
			inputPaths = (
			);
			name = "Run Script (SwiftLint)";
			outputFileListPaths = (
			);
			outputPaths = (
			);
			runOnlyForDeploymentPostprocessing = 0;
			shellPath = /bin/sh;
			shellScript = "if [[ -z \"$CI\" ]]; then\n    #For SwiftUI preview.\n    if [[ \"$(uname -m)\" == arm64 ]]; then\n        export PATH=\"/opt/homebrew/bin:$PATH\"\n    fi\n\n    #Default.\n    #swiftlint --fix is optional, that allows swiftlint fix things that he can autometicaly.\n    if which swiftlint >/dev/null; then\n        swiftlint\n    else\n        echo \"warning: `swiftlint` command not found - See https://github.com/realm/SwiftLint#installation for installation instructions.\"\n    fi\nelse\n    echo \"Running in Xcode Cloud. Skipping SwiftLint.\"\nfi\n";
			showEnvVarsInLog = 0;
		};
		262536642F37D2F60008B70C /* Run Script (Crashlytics) */ = {
			isa = PBXShellScriptBuildPhase;
			alwaysOutOfDate = 1;
			buildActionMask = 2147483647;
			files = (
			);
			inputFileListPaths = (
			);
			inputPaths = (
				"${DWARF_DSYM_FOLDER_PATH}/${DWARF_DSYM_FILE_NAME}",
				"${DWARF_DSYM_FOLDER_PATH}/${DWARF_DSYM_FILE_NAME}/Contents/Resources/DWARF/${PRODUCT_NAME}",
				"${DWARF_DSYM_FOLDER_PATH}/${DWARF_DSYM_FILE_NAME}/Contents/Info.plist",
				"$(TARGET_BUILD_DIR)/$(EXECUTABLE_PATH)",
			);
			name = "Run Script (Crashlytics)";
			outputFileListPaths = (
			);
			outputPaths = (
			);
			runOnlyForDeploymentPostprocessing = 0;
			shellPath = /bin/sh;
			shellScript = "if [ \"${CONFIGURATION}\" == \"Debug\" ]; then\n    GOOGLE_SERVICE_INFO_PLIST=\"${PROJECT_DIR}/AIChatCourse/GoogleServicePLists/GoogleService-Info-Dev.plist\"\nelif [ \"${CONFIGURATION}\" == \"Mock\" ]; then\n    echo \"Skipping Chashlytics upload for Mock configuration.\"\n    exit 0\nelif [ \"${CONFIGURATION}\" == \"Release\" ]; then\n    GOOGLE_SERVICE_INFO_PLIST=\"${PROJECT_DIR}/AIChatCourse/GoogleServicePLists/GoogleService-Info-Prod.plist\"\nelse\n    echo \"No matching build configuration found for GoogleService-Info.plist!\"\n    exit 1\nfi\n\n\"${BUILD_DIR%/Build/*}/SourcePackages/checkouts/firebase-ios-sdk/Crashlytics/run\" -gsp \"${GOOGLE_SERVICE_INFO_PLIST}\"\n";
		};
/* End PBXShellScriptBuildPhase section */

/* Begin PBXSourcesBuildPhase section */
		26A21ADE2F4DC62D0039E2B3 /* Sources */ = {
			isa = PBXSourcesBuildPhase;
			buildActionMask = 2147483647;
			files = (
			);
			runOnlyForDeploymentPostprocessing = 0;
		};
		26A21AFC2F4E062D0039E2B3 /* Sources */ = {
			isa = PBXSourcesBuildPhase;
			buildActionMask = 2147483647;
			files = (
			);
			runOnlyForDeploymentPostprocessing = 0;
		};
		26CA90EE2F032E9500E21190 /* Sources */ = {
			isa = PBXSourcesBuildPhase;
			buildActionMask = 2147483647;
			files = (
			);
			runOnlyForDeploymentPostprocessing = 0;
		};
/* End PBXSourcesBuildPhase section */

/* Begin PBXTargetDependency section */
		26A21AE72F4DC62D0039E2B3 /* PBXTargetDependency */ = {
			isa = PBXTargetDependency;
			target = 26CA90F12F032E9500E21190 /* AIChatCourse */;
			targetProxy = 26A21AE62F4DC62D0039E2B3 /* PBXContainerItemProxy */;
		};
		26A21B072F4E062D0039E2B3 /* PBXTargetDependency */ = {
			isa = PBXTargetDependency;
			target = 26CA90F12F032E9500E21190 /* AIChatCourse */;
			targetProxy = 26A21B062F4E062D0039E2B3 /* PBXContainerItemProxy */;
		};
/* End PBXTargetDependency section */

/* Begin XCBuildConfiguration section */
		26A21AE92F4DC62D0039E2B3 /* Debug */ = {
			isa = XCBuildConfiguration;
			buildSettings = {
				BUNDLE_LOADER = "$(TEST_HOST)";
				CODE_SIGN_STYLE = Automatic;
				CURRENT_PROJECT_VERSION = 1;
				DEVELOPMENT_TEAM = 5UM2S2VR73;
				GENERATE_INFOPLIST_FILE = YES;
				IPHONEOS_DEPLOYMENT_TARGET = 18.6;
				MARKETING_VERSION = 1.0;
				PRODUCT_BUNDLE_IDENTIFIER = org.cd38c221ecbef2a1.AIChatCourseTests;
				PRODUCT_NAME = "$(TARGET_NAME)";
				SDKROOT = iphoneos;
				STRING_CATALOG_GENERATE_SYMBOLS = NO;
				SUPPORTED_PLATFORMS = "iphoneos iphonesimulator";
				SUPPORTS_MACCATALYST = YES;
				SUPPORTS_MAC_DESIGNED_FOR_IPHONE_IPAD = NO;
				SUPPORTS_XR_DESIGNED_FOR_IPHONE_IPAD = NO;
				SWIFT_ACTIVE_COMPILATION_CONDITIONS = "DEBUG $(inherited)";
				SWIFT_APPROACHABLE_CONCURRENCY = YES;
				SWIFT_EMIT_LOC_STRINGS = NO;
				SWIFT_UPCOMING_FEATURE_MEMBER_IMPORT_VISIBILITY = YES;
				SWIFT_VERSION = 5.0;
				TARGETED_DEVICE_FAMILY = "1,2";
				TEST_HOST = "$(BUILT_PRODUCTS_DIR)/AIChatCourse.app/$(BUNDLE_EXECUTABLE_FOLDER_PATH)/AIChatCourse";
			};
			name = Debug;
		};
		26A21AEA2F4DC62D0039E2B3 /* Mock */ = {
			isa = XCBuildConfiguration;
			buildSettings = {
				BUNDLE_LOADER = "$(TEST_HOST)";
				CODE_SIGN_STYLE = Automatic;
				CURRENT_PROJECT_VERSION = 1;
				DEVELOPMENT_TEAM = 5UM2S2VR73;
				GENERATE_INFOPLIST_FILE = YES;
				IPHONEOS_DEPLOYMENT_TARGET = 18.6;
				MARKETING_VERSION = 1.0;
				PRODUCT_BUNDLE_IDENTIFIER = org.cd38c221ecbef2a1.AIChatCourseTests;
				PRODUCT_NAME = "$(TARGET_NAME)";
				SDKROOT = iphoneos;
				STRING_CATALOG_GENERATE_SYMBOLS = NO;
				SUPPORTED_PLATFORMS = "iphoneos iphonesimulator";
				SUPPORTS_MACCATALYST = YES;
				SUPPORTS_MAC_DESIGNED_FOR_IPHONE_IPAD = NO;
				SUPPORTS_XR_DESIGNED_FOR_IPHONE_IPAD = NO;
				SWIFT_APPROACHABLE_CONCURRENCY = YES;
				SWIFT_EMIT_LOC_STRINGS = NO;
				SWIFT_UPCOMING_FEATURE_MEMBER_IMPORT_VISIBILITY = YES;
				SWIFT_VERSION = 5.0;
				TARGETED_DEVICE_FAMILY = "1,2";
				TEST_HOST = "$(BUILT_PRODUCTS_DIR)/AIChatCourse.app/$(BUNDLE_EXECUTABLE_FOLDER_PATH)/AIChatCourse";
				VALIDATE_PRODUCT = YES;
			};
			name = Mock;
		};
		26A21AEB2F4DC62D0039E2B3 /* Release */ = {
			isa = XCBuildConfiguration;
			buildSettings = {
				BUNDLE_LOADER = "$(TEST_HOST)";
				CODE_SIGN_STYLE = Automatic;
				CURRENT_PROJECT_VERSION = 1;
				DEVELOPMENT_TEAM = 5UM2S2VR73;
				GENERATE_INFOPLIST_FILE = YES;
				IPHONEOS_DEPLOYMENT_TARGET = 18.6;
				MARKETING_VERSION = 1.0;
				PRODUCT_BUNDLE_IDENTIFIER = org.cd38c221ecbef2a1.AIChatCourseTests;
				PRODUCT_NAME = "$(TARGET_NAME)";
				SDKROOT = iphoneos;
				STRING_CATALOG_GENERATE_SYMBOLS = NO;
				SUPPORTED_PLATFORMS = "iphoneos iphonesimulator";
				SUPPORTS_MACCATALYST = YES;
				SUPPORTS_MAC_DESIGNED_FOR_IPHONE_IPAD = NO;
				SUPPORTS_XR_DESIGNED_FOR_IPHONE_IPAD = NO;
				SWIFT_APPROACHABLE_CONCURRENCY = YES;
				SWIFT_EMIT_LOC_STRINGS = NO;
				SWIFT_UPCOMING_FEATURE_MEMBER_IMPORT_VISIBILITY = YES;
				SWIFT_VERSION = 5.0;
				TARGETED_DEVICE_FAMILY = "1,2";
				TEST_HOST = "$(BUILT_PRODUCTS_DIR)/AIChatCourse.app/$(BUNDLE_EXECUTABLE_FOLDER_PATH)/AIChatCourse";
				VALIDATE_PRODUCT = YES;
			};
			name = Release;
		};
		26A21B092F4E062D0039E2B3 /* Debug */ = {
			isa = XCBuildConfiguration;
			buildSettings = {
				CODE_SIGN_STYLE = Automatic;
				CURRENT_PROJECT_VERSION = 1;
				DEVELOPMENT_TEAM = 5UM2S2VR73;
				GENERATE_INFOPLIST_FILE = YES;
				IPHONEOS_DEPLOYMENT_TARGET = 18.6;
				MARKETING_VERSION = 1.0;
				PRODUCT_BUNDLE_IDENTIFIER = org.cd38c221ecbef2a1.AIChatCourseUITests;
				PRODUCT_NAME = "$(TARGET_NAME)";
				SDKROOT = iphoneos;
				STRING_CATALOG_GENERATE_SYMBOLS = NO;
				SUPPORTED_PLATFORMS = "iphoneos iphonesimulator";
				SUPPORTS_MACCATALYST = YES;
				SUPPORTS_MAC_DESIGNED_FOR_IPHONE_IPAD = NO;
				SUPPORTS_XR_DESIGNED_FOR_IPHONE_IPAD = NO;
				SWIFT_ACTIVE_COMPILATION_CONDITIONS = "DEBUG $(inherited)";
				SWIFT_APPROACHABLE_CONCURRENCY = YES;
				SWIFT_EMIT_LOC_STRINGS = NO;
				SWIFT_UPCOMING_FEATURE_MEMBER_IMPORT_VISIBILITY = YES;
				SWIFT_VERSION = 5.0;
				TARGETED_DEVICE_FAMILY = "1,2";
				TEST_TARGET_NAME = AIChatCourse;
			};
			name = Debug;
		};
		26A21B0A2F4E062D0039E2B3 /* Mock */ = {
			isa = XCBuildConfiguration;
			buildSettings = {
				CODE_SIGN_STYLE = Automatic;
				CURRENT_PROJECT_VERSION = 1;
				DEVELOPMENT_TEAM = 5UM2S2VR73;
				GENERATE_INFOPLIST_FILE = YES;
				IPHONEOS_DEPLOYMENT_TARGET = 18.6;
				MARKETING_VERSION = 1.0;
				PRODUCT_BUNDLE_IDENTIFIER = org.cd38c221ecbef2a1.AIChatCourseUITests;
				PRODUCT_NAME = "$(TARGET_NAME)";
				SDKROOT = iphoneos;
				STRING_CATALOG_GENERATE_SYMBOLS = NO;
				SUPPORTED_PLATFORMS = "iphoneos iphonesimulator";
				SUPPORTS_MACCATALYST = YES;
				SUPPORTS_MAC_DESIGNED_FOR_IPHONE_IPAD = NO;
				SUPPORTS_XR_DESIGNED_FOR_IPHONE_IPAD = NO;
				SWIFT_APPROACHABLE_CONCURRENCY = YES;
				SWIFT_EMIT_LOC_STRINGS = NO;
				SWIFT_UPCOMING_FEATURE_MEMBER_IMPORT_VISIBILITY = YES;
				SWIFT_VERSION = 5.0;
				TARGETED_DEVICE_FAMILY = "1,2";
				TEST_TARGET_NAME = AIChatCourse;
				VALIDATE_PRODUCT = YES;
			};
			name = Mock;
		};
		26A21B0B2F4E062D0039E2B3 /* Release */ = {
			isa = XCBuildConfiguration;
			buildSettings = {
				CODE_SIGN_STYLE = Automatic;
				CURRENT_PROJECT_VERSION = 1;
				DEVELOPMENT_TEAM = 5UM2S2VR73;
				GENERATE_INFOPLIST_FILE = YES;
				IPHONEOS_DEPLOYMENT_TARGET = 18.6;
				MARKETING_VERSION = 1.0;
				PRODUCT_BUNDLE_IDENTIFIER = org.cd38c221ecbef2a1.AIChatCourseUITests;
				PRODUCT_NAME = "$(TARGET_NAME)";
				SDKROOT = iphoneos;
				STRING_CATALOG_GENERATE_SYMBOLS = NO;
				SUPPORTED_PLATFORMS = "iphoneos iphonesimulator";
				SUPPORTS_MACCATALYST = YES;
				SUPPORTS_MAC_DESIGNED_FOR_IPHONE_IPAD = NO;
				SUPPORTS_XR_DESIGNED_FOR_IPHONE_IPAD = NO;
				SWIFT_APPROACHABLE_CONCURRENCY = YES;
				SWIFT_EMIT_LOC_STRINGS = NO;
				SWIFT_UPCOMING_FEATURE_MEMBER_IMPORT_VISIBILITY = YES;
				SWIFT_VERSION = 5.0;
				TARGETED_DEVICE_FAMILY = "1,2";
				TEST_TARGET_NAME = AIChatCourse;
				VALIDATE_PRODUCT = YES;
			};
			name = Release;
		};
		26CA91112F032E9800E21190 /* Debug */ = {
			isa = XCBuildConfiguration;
			baseConfigurationReferenceAnchor = 26CA90F42F032E9500E21190 /* AIChatCourse */;
			baseConfigurationReferenceRelativePath = Configurations/Secrets.xcconfig;
			buildSettings = {
				ALWAYS_SEARCH_USER_PATHS = NO;
				ASSETCATALOG_COMPILER_GENERATE_SWIFT_ASSET_SYMBOL_EXTENSIONS = YES;
				CLANG_ANALYZER_NONNULL = YES;
				CLANG_ANALYZER_NUMBER_OBJECT_CONVERSION = YES_AGGRESSIVE;
				CLANG_CXX_LANGUAGE_STANDARD = "gnu++20";
				CLANG_ENABLE_MODULES = YES;
				CLANG_ENABLE_OBJC_ARC = YES;
				CLANG_ENABLE_OBJC_WEAK = YES;
				CLANG_WARN_BLOCK_CAPTURE_AUTORELEASING = YES;
				CLANG_WARN_BOOL_CONVERSION = YES;
				CLANG_WARN_COMMA = YES;
				CLANG_WARN_CONSTANT_CONVERSION = YES;
				CLANG_WARN_DEPRECATED_OBJC_IMPLEMENTATIONS = YES;
				CLANG_WARN_DIRECT_OBJC_ISA_USAGE = YES_ERROR;
				CLANG_WARN_DOCUMENTATION_COMMENTS = YES;
				CLANG_WARN_EMPTY_BODY = YES;
				CLANG_WARN_ENUM_CONVERSION = YES;
				CLANG_WARN_INFINITE_RECURSION = YES;
				CLANG_WARN_INT_CONVERSION = YES;
				CLANG_WARN_NON_LITERAL_NULL_CONVERSION = YES;
				CLANG_WARN_OBJC_IMPLICIT_RETAIN_SELF = YES;
				CLANG_WARN_OBJC_LITERAL_CONVERSION = YES;
				CLANG_WARN_OBJC_ROOT_CLASS = YES_ERROR;
				CLANG_WARN_QUOTED_INCLUDE_IN_FRAMEWORK_HEADER = YES;
				CLANG_WARN_RANGE_LOOP_ANALYSIS = YES;
				CLANG_WARN_STRICT_PROTOTYPES = YES;
				CLANG_WARN_SUSPICIOUS_MOVE = YES;
				CLANG_WARN_UNGUARDED_AVAILABILITY = YES_AGGRESSIVE;
				CLANG_WARN_UNREACHABLE_CODE = YES;
				CLANG_WARN__DUPLICATE_METHOD_MATCH = YES;
				COPY_PHASE_STRIP = NO;
				DEBUG_INFORMATION_FORMAT = dwarf;
				DEVELOPMENT_TEAM = 5UM2S2VR73;
				ENABLE_STRICT_OBJC_MSGSEND = YES;
				ENABLE_TESTABILITY = YES;
				ENABLE_USER_SCRIPT_SANDBOXING = YES;
				GCC_C_LANGUAGE_STANDARD = gnu17;
				GCC_DYNAMIC_NO_PIC = NO;
				GCC_NO_COMMON_BLOCKS = YES;
				GCC_OPTIMIZATION_LEVEL = 0;
				GCC_PREPROCESSOR_DEFINITIONS = (
					"DEBUG=1",
					"$(inherited)",
				);
				GCC_WARN_64_TO_32_BIT_CONVERSION = YES;
				GCC_WARN_ABOUT_RETURN_TYPE = YES_ERROR;
				GCC_WARN_UNDECLARED_SELECTOR = YES;
				GCC_WARN_UNINITIALIZED_AUTOS = YES_AGGRESSIVE;
				GCC_WARN_UNUSED_FUNCTION = YES;
				GCC_WARN_UNUSED_VARIABLE = YES;
				LOCALIZATION_PREFERS_STRING_CATALOGS = YES;
				MTL_ENABLE_DEBUG_INFO = INCLUDE_SOURCE;
				MTL_FAST_MATH = YES;
				ONLY_ACTIVE_ARCH = YES;
				OTHER_SWIFT_FLAGS = "-DDEV";
				SWIFT_ACTIVE_COMPILATION_CONDITIONS = DEBUG;
				SWIFT_OPTIMIZATION_LEVEL = "-Onone";
				SWIFT_VERSION = 6.0;
			};
			name = Debug;
		};
		26CA91122F032E9800E21190 /* Release */ = {
			isa = XCBuildConfiguration;
			baseConfigurationReferenceAnchor = 26CA90F42F032E9500E21190 /* AIChatCourse */;
			baseConfigurationReferenceRelativePath = Configurations/Secrets.xcconfig;
			buildSettings = {
				ALWAYS_SEARCH_USER_PATHS = NO;
				ASSETCATALOG_COMPILER_GENERATE_SWIFT_ASSET_SYMBOL_EXTENSIONS = YES;
				CLANG_ANALYZER_NONNULL = YES;
				CLANG_ANALYZER_NUMBER_OBJECT_CONVERSION = YES_AGGRESSIVE;
				CLANG_CXX_LANGUAGE_STANDARD = "gnu++20";
				CLANG_ENABLE_MODULES = YES;
				CLANG_ENABLE_OBJC_ARC = YES;
				CLANG_ENABLE_OBJC_WEAK = YES;
				CLANG_WARN_BLOCK_CAPTURE_AUTORELEASING = YES;
				CLANG_WARN_BOOL_CONVERSION = YES;
				CLANG_WARN_COMMA = YES;
				CLANG_WARN_CONSTANT_CONVERSION = YES;
				CLANG_WARN_DEPRECATED_OBJC_IMPLEMENTATIONS = YES;
				CLANG_WARN_DIRECT_OBJC_ISA_USAGE = YES_ERROR;
				CLANG_WARN_DOCUMENTATION_COMMENTS = YES;
				CLANG_WARN_EMPTY_BODY = YES;
				CLANG_WARN_ENUM_CONVERSION = YES;
				CLANG_WARN_INFINITE_RECURSION = YES;
				CLANG_WARN_INT_CONVERSION = YES;
				CLANG_WARN_NON_LITERAL_NULL_CONVERSION = YES;
				CLANG_WARN_OBJC_IMPLICIT_RETAIN_SELF = YES;
				CLANG_WARN_OBJC_LITERAL_CONVERSION = YES;
				CLANG_WARN_OBJC_ROOT_CLASS = YES_ERROR;
				CLANG_WARN_QUOTED_INCLUDE_IN_FRAMEWORK_HEADER = YES;
				CLANG_WARN_RANGE_LOOP_ANALYSIS = YES;
				CLANG_WARN_STRICT_PROTOTYPES = YES;
				CLANG_WARN_SUSPICIOUS_MOVE = YES;
				CLANG_WARN_UNGUARDED_AVAILABILITY = YES_AGGRESSIVE;
				CLANG_WARN_UNREACHABLE_CODE = YES;
				CLANG_WARN__DUPLICATE_METHOD_MATCH = YES;
				COPY_PHASE_STRIP = NO;
				DEBUG_INFORMATION_FORMAT = "dwarf-with-dsym";
				DEVELOPMENT_TEAM = 5UM2S2VR73;
				ENABLE_NS_ASSERTIONS = NO;
				ENABLE_STRICT_OBJC_MSGSEND = YES;
				ENABLE_USER_SCRIPT_SANDBOXING = YES;
				GCC_C_LANGUAGE_STANDARD = gnu17;
				GCC_NO_COMMON_BLOCKS = YES;
				GCC_WARN_64_TO_32_BIT_CONVERSION = YES;
				GCC_WARN_ABOUT_RETURN_TYPE = YES_ERROR;
				GCC_WARN_UNDECLARED_SELECTOR = YES;
				GCC_WARN_UNINITIALIZED_AUTOS = YES_AGGRESSIVE;
				GCC_WARN_UNUSED_FUNCTION = YES;
				GCC_WARN_UNUSED_VARIABLE = YES;
				LOCALIZATION_PREFERS_STRING_CATALOGS = YES;
				MTL_ENABLE_DEBUG_INFO = NO;
				MTL_FAST_MATH = YES;
				OTHER_SWIFT_FLAGS = "";
				SWIFT_ACTIVE_COMPILATION_CONDITIONS = "";
				SWIFT_COMPILATION_MODE = wholemodule;
				SWIFT_VERSION = 6.0;
			};
			name = Release;
		};
		26CA91142F032E9800E21190 /* Debug */ = {
			isa = XCBuildConfiguration;
			baseConfigurationReferenceAnchor = 26CA90F42F032E9500E21190 /* AIChatCourse */;
			baseConfigurationReferenceRelativePath = Configurations/Secrets.xcconfig;
			buildSettings = {
				ASSETCATALOG_COMPILER_APPICON_NAME = AppIcon;
				ASSETCATALOG_COMPILER_GLOBAL_ACCENT_COLOR_NAME = AccentColor;
				CODE_SIGN_ENTITLEMENTS = AIChatCourse/AIChatCourse.entitlements;
				"CODE_SIGN_IDENTITY[sdk=macosx*]" = "Apple Development";
				CODE_SIGN_STYLE = Automatic;
				CURRENT_PROJECT_VERSION = 2;
				DEBUG_INFORMATION_FORMAT = "dwarf-with-dsym";
				DEVELOPMENT_TEAM = 5UM2S2VR73;
				ENABLE_APP_SANDBOX = YES;
				ENABLE_HARDENED_RUNTIME = YES;
				ENABLE_INCOMING_NETWORK_CONNECTIONS = YES;
				ENABLE_OUTGOING_NETWORK_CONNECTIONS = YES;
				ENABLE_PREVIEWS = YES;
				ENABLE_RESOURCE_ACCESS_AUDIO_INPUT = NO;
				ENABLE_RESOURCE_ACCESS_BLUETOOTH = NO;
				ENABLE_RESOURCE_ACCESS_CALENDARS = NO;
				ENABLE_RESOURCE_ACCESS_CAMERA = NO;
				ENABLE_RESOURCE_ACCESS_CONTACTS = NO;
				ENABLE_RESOURCE_ACCESS_LOCATION = NO;
				ENABLE_RESOURCE_ACCESS_PRINTING = NO;
				ENABLE_RESOURCE_ACCESS_USB = NO;
				ENABLE_USER_SCRIPT_SANDBOXING = NO;
				ENABLE_USER_SELECTED_FILES = readonly;
				GENERATE_INFOPLIST_FILE = YES;
				INFOPLIST_FILE = AIChatCourse/Info.plist;
				INFOPLIST_KEY_CFBundleDisplayName = "AI Chat - Dev";
				INFOPLIST_KEY_ITSAppUsesNonExemptEncryption = NO;
				INFOPLIST_KEY_NSUserTrackingUsageDescription = "Your data will be used to deliver personolized ads and experience";
				"INFOPLIST_KEY_UIApplicationSceneManifest_Generation[sdk=iphoneos*]" = YES;
				"INFOPLIST_KEY_UIApplicationSceneManifest_Generation[sdk=iphonesimulator*]" = YES;
				"INFOPLIST_KEY_UIApplicationSupportsIndirectInputEvents[sdk=iphoneos*]" = YES;
				"INFOPLIST_KEY_UIApplicationSupportsIndirectInputEvents[sdk=iphonesimulator*]" = YES;
				"INFOPLIST_KEY_UILaunchScreen_Generation[sdk=iphoneos*]" = YES;
				"INFOPLIST_KEY_UILaunchScreen_Generation[sdk=iphonesimulator*]" = YES;
				INFOPLIST_KEY_UILaunchStoryboardName = LaunchScreen;
				"INFOPLIST_KEY_UIStatusBarStyle[sdk=iphoneos*]" = UIStatusBarStyleDefault;
				"INFOPLIST_KEY_UIStatusBarStyle[sdk=iphonesimulator*]" = UIStatusBarStyleDefault;
				INFOPLIST_KEY_UISupportedInterfaceOrientations_iPad = "UIInterfaceOrientationPortrait UIInterfaceOrientationPortraitUpsideDown UIInterfaceOrientationLandscapeLeft UIInterfaceOrientationLandscapeRight";
				INFOPLIST_KEY_UISupportedInterfaceOrientations_iPhone = "UIInterfaceOrientationPortrait UIInterfaceOrientationLandscapeLeft UIInterfaceOrientationLandscapeRight";
				IPHONEOS_DEPLOYMENT_TARGET = 18.6;
				LD_RUNPATH_SEARCH_PATHS = "@executable_path/Frameworks";
				"LD_RUNPATH_SEARCH_PATHS[sdk=macosx*]" = "@executable_path/../Frameworks";
				MACOSX_DEPLOYMENT_TARGET = 15.7;
				MARKETING_VERSION = 1.0;
				OTHER_LDFLAGS = "-ObjC";
				PRODUCT_BUNDLE_IDENTIFIER = com.DimaKryzhanovsky.AIChatCourse.dev;
				PRODUCT_NAME = "$(TARGET_NAME)";
				REGISTER_APP_GROUPS = YES;
				SDKROOT = auto;
				STRING_CATALOG_GENERATE_SYMBOLS = YES;
				SUPPORTED_PLATFORMS = "iphoneos iphonesimulator";
				SUPPORTS_MACCATALYST = YES;
				SWIFT_APPROACHABLE_CONCURRENCY = YES;
				SWIFT_DEFAULT_ACTOR_ISOLATION = MainActor;
				SWIFT_EMIT_LOC_STRINGS = YES;
				SWIFT_UPCOMING_FEATURE_MEMBER_IMPORT_VISIBILITY = YES;
				SWIFT_VERSION = 6.0;
				TARGETED_DEVICE_FAMILY = "1,2";
				XROS_DEPLOYMENT_TARGET = 26.2;
			};
			name = Debug;
		};
		26CA91152F032E9800E21190 /* Release */ = {
			isa = XCBuildConfiguration;
			baseConfigurationReferenceAnchor = 26CA90F42F032E9500E21190 /* AIChatCourse */;
			baseConfigurationReferenceRelativePath = Configurations/Secrets.xcconfig;
			buildSettings = {
				ASSETCATALOG_COMPILER_APPICON_NAME = AppIcon;
				ASSETCATALOG_COMPILER_GLOBAL_ACCENT_COLOR_NAME = AccentColor;
				CODE_SIGN_ENTITLEMENTS = AIChatCourse/AIChatCourse.entitlements;
				CODE_SIGN_STYLE = Automatic;
				CURRENT_PROJECT_VERSION = 2;
				DEBUG_INFORMATION_FORMAT = "dwarf-with-dsym";
				DEVELOPMENT_TEAM = 5UM2S2VR73;
				ENABLE_APP_SANDBOX = YES;
				ENABLE_HARDENED_RUNTIME = YES;
				ENABLE_INCOMING_NETWORK_CONNECTIONS = YES;
				ENABLE_OUTGOING_NETWORK_CONNECTIONS = YES;
				ENABLE_PREVIEWS = YES;
				ENABLE_RESOURCE_ACCESS_AUDIO_INPUT = NO;
				ENABLE_RESOURCE_ACCESS_BLUETOOTH = NO;
				ENABLE_RESOURCE_ACCESS_CALENDARS = NO;
				ENABLE_RESOURCE_ACCESS_CAMERA = NO;
				ENABLE_RESOURCE_ACCESS_CONTACTS = NO;
				ENABLE_RESOURCE_ACCESS_LOCATION = NO;
				ENABLE_RESOURCE_ACCESS_PRINTING = NO;
				ENABLE_RESOURCE_ACCESS_USB = NO;
				ENABLE_USER_SCRIPT_SANDBOXING = NO;
				ENABLE_USER_SELECTED_FILES = readonly;
				GENERATE_INFOPLIST_FILE = YES;
				INFOPLIST_FILE = AIChatCourse/Info.plist;
				INFOPLIST_KEY_CFBundleDisplayName = "AI Chat";
				INFOPLIST_KEY_ITSAppUsesNonExemptEncryption = NO;
				INFOPLIST_KEY_NSUserTrackingUsageDescription = "Your data will be used to deliver personolized ads and experience";
				"INFOPLIST_KEY_UIApplicationSceneManifest_Generation[sdk=iphoneos*]" = YES;
				"INFOPLIST_KEY_UIApplicationSceneManifest_Generation[sdk=iphonesimulator*]" = YES;
				"INFOPLIST_KEY_UIApplicationSupportsIndirectInputEvents[sdk=iphoneos*]" = YES;
				"INFOPLIST_KEY_UIApplicationSupportsIndirectInputEvents[sdk=iphonesimulator*]" = YES;
				"INFOPLIST_KEY_UILaunchScreen_Generation[sdk=iphoneos*]" = YES;
				"INFOPLIST_KEY_UILaunchScreen_Generation[sdk=iphonesimulator*]" = YES;
				INFOPLIST_KEY_UILaunchStoryboardName = LaunchScreen;
				"INFOPLIST_KEY_UIStatusBarStyle[sdk=iphoneos*]" = UIStatusBarStyleDefault;
				"INFOPLIST_KEY_UIStatusBarStyle[sdk=iphonesimulator*]" = UIStatusBarStyleDefault;
				INFOPLIST_KEY_UISupportedInterfaceOrientations_iPad = "UIInterfaceOrientationPortrait UIInterfaceOrientationPortraitUpsideDown UIInterfaceOrientationLandscapeLeft UIInterfaceOrientationLandscapeRight";
				INFOPLIST_KEY_UISupportedInterfaceOrientations_iPhone = "UIInterfaceOrientationPortrait UIInterfaceOrientationLandscapeLeft UIInterfaceOrientationLandscapeRight";
				IPHONEOS_DEPLOYMENT_TARGET = 18.6;
				LD_RUNPATH_SEARCH_PATHS = "@executable_path/Frameworks";
				"LD_RUNPATH_SEARCH_PATHS[sdk=macosx*]" = "@executable_path/../Frameworks";
				MACOSX_DEPLOYMENT_TARGET = 15.7;
				MARKETING_VERSION = 1.0;
				OTHER_LDFLAGS = "-ObjC";
				PRODUCT_BUNDLE_IDENTIFIER = com.DimaKryzhanovsky.AIChatCourse;
				PRODUCT_NAME = "$(TARGET_NAME)";
				REGISTER_APP_GROUPS = YES;
				SDKROOT = auto;
				STRING_CATALOG_GENERATE_SYMBOLS = YES;
				SUPPORTED_PLATFORMS = "iphoneos iphonesimulator";
				SUPPORTS_MACCATALYST = YES;
				SWIFT_APPROACHABLE_CONCURRENCY = YES;
				SWIFT_DEFAULT_ACTOR_ISOLATION = MainActor;
				SWIFT_EMIT_LOC_STRINGS = YES;
				SWIFT_UPCOMING_FEATURE_MEMBER_IMPORT_VISIBILITY = YES;
				SWIFT_VERSION = 6.0;
				TARGETED_DEVICE_FAMILY = "1,2";
				XROS_DEPLOYMENT_TARGET = 26.2;
			};
			name = Release;
		};
		26E69C2A2F22445B0035A164 /* Mock */ = {
			isa = XCBuildConfiguration;
			buildSettings = {
				ALWAYS_SEARCH_USER_PATHS = NO;
				ASSETCATALOG_COMPILER_GENERATE_SWIFT_ASSET_SYMBOL_EXTENSIONS = YES;
				CLANG_ANALYZER_NONNULL = YES;
				CLANG_ANALYZER_NUMBER_OBJECT_CONVERSION = YES_AGGRESSIVE;
				CLANG_CXX_LANGUAGE_STANDARD = "gnu++20";
				CLANG_ENABLE_MODULES = YES;
				CLANG_ENABLE_OBJC_ARC = YES;
				CLANG_ENABLE_OBJC_WEAK = YES;
				CLANG_WARN_BLOCK_CAPTURE_AUTORELEASING = YES;
				CLANG_WARN_BOOL_CONVERSION = YES;
				CLANG_WARN_COMMA = YES;
				CLANG_WARN_CONSTANT_CONVERSION = YES;
				CLANG_WARN_DEPRECATED_OBJC_IMPLEMENTATIONS = YES;
				CLANG_WARN_DIRECT_OBJC_ISA_USAGE = YES_ERROR;
				CLANG_WARN_DOCUMENTATION_COMMENTS = YES;
				CLANG_WARN_EMPTY_BODY = YES;
				CLANG_WARN_ENUM_CONVERSION = YES;
				CLANG_WARN_INFINITE_RECURSION = YES;
				CLANG_WARN_INT_CONVERSION = YES;
				CLANG_WARN_NON_LITERAL_NULL_CONVERSION = YES;
				CLANG_WARN_OBJC_IMPLICIT_RETAIN_SELF = YES;
				CLANG_WARN_OBJC_LITERAL_CONVERSION = YES;
				CLANG_WARN_OBJC_ROOT_CLASS = YES_ERROR;
				CLANG_WARN_QUOTED_INCLUDE_IN_FRAMEWORK_HEADER = YES;
				CLANG_WARN_RANGE_LOOP_ANALYSIS = YES;
				CLANG_WARN_STRICT_PROTOTYPES = YES;
				CLANG_WARN_SUSPICIOUS_MOVE = YES;
				CLANG_WARN_UNGUARDED_AVAILABILITY = YES_AGGRESSIVE;
				CLANG_WARN_UNREACHABLE_CODE = YES;
				CLANG_WARN__DUPLICATE_METHOD_MATCH = YES;
				COPY_PHASE_STRIP = NO;
				DEBUG_INFORMATION_FORMAT = dwarf;
				DEVELOPMENT_TEAM = 5UM2S2VR73;
				ENABLE_STRICT_OBJC_MSGSEND = YES;
				ENABLE_TESTABILITY = YES;
				ENABLE_USER_SCRIPT_SANDBOXING = YES;
				GCC_C_LANGUAGE_STANDARD = gnu17;
				GCC_DYNAMIC_NO_PIC = NO;
				GCC_NO_COMMON_BLOCKS = YES;
				GCC_OPTIMIZATION_LEVEL = 0;
				GCC_PREPROCESSOR_DEFINITIONS = (
					"DEBUG=1",
					"$(inherited)",
				);
				GCC_WARN_64_TO_32_BIT_CONVERSION = YES;
				GCC_WARN_ABOUT_RETURN_TYPE = YES_ERROR;
				GCC_WARN_UNDECLARED_SELECTOR = YES;
				GCC_WARN_UNINITIALIZED_AUTOS = YES_AGGRESSIVE;
				GCC_WARN_UNUSED_FUNCTION = YES;
				GCC_WARN_UNUSED_VARIABLE = YES;
				LOCALIZATION_PREFERS_STRING_CATALOGS = YES;
				MTL_ENABLE_DEBUG_INFO = INCLUDE_SOURCE;
				MTL_FAST_MATH = YES;
				ONLY_ACTIVE_ARCH = YES;
				OTHER_SWIFT_FLAGS = "-DMOCK";
				SWIFT_ACTIVE_COMPILATION_CONDITIONS = DEBUG;
				SWIFT_OPTIMIZATION_LEVEL = "-Onone";
				SWIFT_VERSION = 6.0;
			};
			name = Mock;
		};
		26E69C2B2F22445B0035A164 /* Mock */ = {
			isa = XCBuildConfiguration;
			buildSettings = {
				ASSETCATALOG_COMPILER_APPICON_NAME = AppIcon;
				ASSETCATALOG_COMPILER_GLOBAL_ACCENT_COLOR_NAME = AccentColor;
				CODE_SIGN_ENTITLEMENTS = AIChatCourse/AIChatCourse.entitlements;
				CODE_SIGN_STYLE = Automatic;
				CURRENT_PROJECT_VERSION = 2;
				DEBUG_INFORMATION_FORMAT = "dwarf-with-dsym";
				DEVELOPMENT_TEAM = 5UM2S2VR73;
				ENABLE_APP_SANDBOX = YES;
				ENABLE_HARDENED_RUNTIME = YES;
				ENABLE_INCOMING_NETWORK_CONNECTIONS = YES;
				ENABLE_OUTGOING_NETWORK_CONNECTIONS = YES;
				ENABLE_PREVIEWS = YES;
				ENABLE_RESOURCE_ACCESS_AUDIO_INPUT = NO;
				ENABLE_RESOURCE_ACCESS_BLUETOOTH = NO;
				ENABLE_RESOURCE_ACCESS_CALENDARS = NO;
				ENABLE_RESOURCE_ACCESS_CAMERA = NO;
				ENABLE_RESOURCE_ACCESS_CONTACTS = NO;
				ENABLE_RESOURCE_ACCESS_LOCATION = NO;
				ENABLE_RESOURCE_ACCESS_PRINTING = NO;
				ENABLE_RESOURCE_ACCESS_USB = NO;
				ENABLE_USER_SCRIPT_SANDBOXING = NO;
				ENABLE_USER_SELECTED_FILES = readonly;
				GENERATE_INFOPLIST_FILE = YES;
				INFOPLIST_FILE = AIChatCourse/Info.plist;
				INFOPLIST_KEY_CFBundleDisplayName = "AI Chat - Mock";
				INFOPLIST_KEY_ITSAppUsesNonExemptEncryption = NO;
				INFOPLIST_KEY_NSUserTrackingUsageDescription = "Your data will be used to deliver personolized ads and experience";
				"INFOPLIST_KEY_UIApplicationSceneManifest_Generation[sdk=iphoneos*]" = YES;
				"INFOPLIST_KEY_UIApplicationSceneManifest_Generation[sdk=iphonesimulator*]" = YES;
				"INFOPLIST_KEY_UIApplicationSupportsIndirectInputEvents[sdk=iphoneos*]" = YES;
				"INFOPLIST_KEY_UIApplicationSupportsIndirectInputEvents[sdk=iphonesimulator*]" = YES;
				"INFOPLIST_KEY_UILaunchScreen_Generation[sdk=iphoneos*]" = YES;
				"INFOPLIST_KEY_UILaunchScreen_Generation[sdk=iphonesimulator*]" = YES;
				INFOPLIST_KEY_UILaunchStoryboardName = LaunchScreen;
				"INFOPLIST_KEY_UIStatusBarStyle[sdk=iphoneos*]" = UIStatusBarStyleDefault;
				"INFOPLIST_KEY_UIStatusBarStyle[sdk=iphonesimulator*]" = UIStatusBarStyleDefault;
				INFOPLIST_KEY_UISupportedInterfaceOrientations_iPad = "UIInterfaceOrientationPortrait UIInterfaceOrientationPortraitUpsideDown UIInterfaceOrientationLandscapeLeft UIInterfaceOrientationLandscapeRight";
				INFOPLIST_KEY_UISupportedInterfaceOrientations_iPhone = "UIInterfaceOrientationPortrait UIInterfaceOrientationLandscapeLeft UIInterfaceOrientationLandscapeRight";
				IPHONEOS_DEPLOYMENT_TARGET = 18.6;
				LD_RUNPATH_SEARCH_PATHS = "@executable_path/Frameworks";
				"LD_RUNPATH_SEARCH_PATHS[sdk=macosx*]" = "@executable_path/../Frameworks";
				MACOSX_DEPLOYMENT_TARGET = 15.7;
				MARKETING_VERSION = 1.0;
				OTHER_LDFLAGS = "-ObjC";
				PRODUCT_BUNDLE_IDENTIFIER = com.DimaKryzhanovsky.AIChatCourse.mock;
				PRODUCT_NAME = "$(TARGET_NAME)";
				REGISTER_APP_GROUPS = YES;
				SDKROOT = auto;
				STRING_CATALOG_GENERATE_SYMBOLS = YES;
				SUPPORTED_PLATFORMS = "iphoneos iphonesimulator";
				SUPPORTS_MACCATALYST = YES;
				SWIFT_APPROACHABLE_CONCURRENCY = YES;
				SWIFT_DEFAULT_ACTOR_ISOLATION = MainActor;
				SWIFT_EMIT_LOC_STRINGS = YES;
				SWIFT_UPCOMING_FEATURE_MEMBER_IMPORT_VISIBILITY = YES;
				SWIFT_VERSION = 6.0;
				TARGETED_DEVICE_FAMILY = "1,2";
				XROS_DEPLOYMENT_TARGET = 26.2;
			};
			name = Mock;
		};
/* End XCBuildConfiguration section */

/* Begin XCConfigurationList section */
		26A21AE82F4DC62D0039E2B3 /* Build configuration list for PBXNativeTarget "AIChatCourseTests" */ = {
			isa = XCConfigurationList;
			buildConfigurations = (
				26A21AE92F4DC62D0039E2B3 /* Debug */,
				26A21AEA2F4DC62D0039E2B3 /* Mock */,
				26A21AEB2F4DC62D0039E2B3 /* Release */,
			);
			defaultConfigurationIsVisible = 0;
			defaultConfigurationName = Release;
		};
		26A21B082F4E062D0039E2B3 /* Build configuration list for PBXNativeTarget "AIChatCourseUITests" */ = {
			isa = XCConfigurationList;
			buildConfigurations = (
				26A21B092F4E062D0039E2B3 /* Debug */,
				26A21B0A2F4E062D0039E2B3 /* Mock */,
				26A21B0B2F4E062D0039E2B3 /* Release */,
			);
			defaultConfigurationIsVisible = 0;
			defaultConfigurationName = Release;
		};
		26CA90ED2F032E9500E21190 /* Build configuration list for PBXProject "AIChatCourse" */ = {
			isa = XCConfigurationList;
			buildConfigurations = (
				26CA91112F032E9800E21190 /* Debug */,
				26E69C2A2F22445B0035A164 /* Mock */,
				26CA91122F032E9800E21190 /* Release */,
			);
			defaultConfigurationIsVisible = 0;
			defaultConfigurationName = Release;
		};
		26CA91132F032E9800E21190 /* Build configuration list for PBXNativeTarget "AIChatCourse" */ = {
			isa = XCConfigurationList;
			buildConfigurations = (
				26CA91142F032E9800E21190 /* Debug */,
				26E69C2B2F22445B0035A164 /* Mock */,
				26CA91152F032E9800E21190 /* Release */,
			);
			defaultConfigurationIsVisible = 0;
			defaultConfigurationName = Release;
		};
/* End XCConfigurationList section */

/* Begin XCRemoteSwiftPackageReference section */
		260C87952F0705DC0078F742 /* XCRemoteSwiftPackageReference "SDWebImageSwiftUI" */ = {
			isa = XCRemoteSwiftPackageReference;
			repositoryURL = "https://github.com/SDWebImage/SDWebImageSwiftUI";
			requirement = {
				kind = upToNextMajorVersion;
				minimumVersion = 3.1.4;
			};
		};
		2625365F2F37CD870008B70C /* XCRemoteSwiftPackageReference "mixpanel-swift" */ = {
			isa = XCRemoteSwiftPackageReference;
			repositoryURL = "https://github.com/mixpanel/mixpanel-swift";
			requirement = {
				kind = upToNextMajorVersion;
				minimumVersion = 5.2.0;
			};
		};
		26A528432F2FD1F90065FCFF /* XCRemoteSwiftPackageReference "SignInAppleAsync" */ = {
			isa = XCRemoteSwiftPackageReference;
			repositoryURL = "https://github.com/SwiftfulThinking/SignInAppleAsync";
			requirement = {
				kind = upToNextMajorVersion;
				minimumVersion = 1.0.2;
			};
		};
		26A92EB22F145E7D007A738A /* XCRemoteSwiftPackageReference "SwiftfulFirestore" */ = {
			isa = XCRemoteSwiftPackageReference;
			repositoryURL = "https://github.com/SwiftfulThinking/SwiftfulFirestore";
			requirement = {
				kind = upToNextMajorVersion;
				minimumVersion = 11.0.4;
			};
		};
		26C599742F0FAF2200D7A1DE /* XCRemoteSwiftPackageReference "firebase-ios-sdk" */ = {
			isa = XCRemoteSwiftPackageReference;
			repositoryURL = "https://github.com/firebase/firebase-ios-sdk";
			requirement = {
				kind = upToNextMajorVersion;
				minimumVersion = 12.7.0;
			};
		};
		26CF266E2F4B981900C04FEF /* XCRemoteSwiftPackageReference "purchases-ios" */ = {
			isa = XCRemoteSwiftPackageReference;
			repositoryURL = "https://github.com/RevenueCat/purchases-ios";
			requirement = {
				kind = upToNextMajorVersion;
				minimumVersion = 5.59.2;
			};
		};
/* End XCRemoteSwiftPackageReference section */

/* Begin XCSwiftPackageProductDependency section */
		260C87962F0705DC0078F742 /* SDWebImageSwiftUI */ = {
			isa = XCSwiftPackageProductDependency;
			package = 260C87952F0705DC0078F742 /* XCRemoteSwiftPackageReference "SDWebImageSwiftUI" */;
			productName = SDWebImageSwiftUI;
		};
		262536602F37CD870008B70C /* Mixpanel */ = {
			isa = XCSwiftPackageProductDependency;
			package = 2625365F2F37CD870008B70C /* XCRemoteSwiftPackageReference "mixpanel-swift" */;
			productName = Mixpanel;
		};
		262536622F37D23B0008B70C /* FirebaseCrashlytics */ = {
			isa = XCSwiftPackageProductDependency;
			package = 26C599742F0FAF2200D7A1DE /* XCRemoteSwiftPackageReference "firebase-ios-sdk" */;
			productName = FirebaseCrashlytics;
		};
		2671E6172F47966E00178008 /* FirebaseRemoteConfig */ = {
			isa = XCSwiftPackageProductDependency;
			package = 26C599742F0FAF2200D7A1DE /* XCRemoteSwiftPackageReference "firebase-ios-sdk" */;
			productName = FirebaseRemoteConfig;
		};
		26A38EC32F48767000598FF2 /* FirebaseInstallations */ = {
			isa = XCSwiftPackageProductDependency;
			package = 26C599742F0FAF2200D7A1DE /* XCRemoteSwiftPackageReference "firebase-ios-sdk" */;
			productName = FirebaseInstallations;
		};
		26A528442F2FD1F90065FCFF /* SignInAppleAsync */ = {
			isa = XCSwiftPackageProductDependency;
			package = 26A528432F2FD1F90065FCFF /* XCRemoteSwiftPackageReference "SignInAppleAsync" */;
			productName = SignInAppleAsync;
		};
		26A92EB02F142FDA007A738A /* FirebaseFirestore */ = {
			isa = XCSwiftPackageProductDependency;
			package = 26C599742F0FAF2200D7A1DE /* XCRemoteSwiftPackageReference "firebase-ios-sdk" */;
			productName = FirebaseFirestore;
		};
		26A92EB32F145E7D007A738A /* SwiftfulFirestore */ = {
			isa = XCSwiftPackageProductDependency;
			package = 26A92EB22F145E7D007A738A /* XCRemoteSwiftPackageReference "SwiftfulFirestore" */;
			productName = SwiftfulFirestore;
		};
		26C599752F0FAF2200D7A1DE /* FirebaseAuth */ = {
			isa = XCSwiftPackageProductDependency;
			package = 26C599742F0FAF2200D7A1DE /* XCRemoteSwiftPackageReference "firebase-ios-sdk" */;
			productName = FirebaseAuth;
		};
		26CF266F2F4B981900C04FEF /* RevenueCat */ = {
			isa = XCSwiftPackageProductDependency;
			package = 26CF266E2F4B981900C04FEF /* XCRemoteSwiftPackageReference "purchases-ios" */;
			productName = RevenueCat;
		};
		26CF26712F4B981900C04FEF /* RevenueCatUI */ = {
			isa = XCSwiftPackageProductDependency;
			package = 26CF266E2F4B981900C04FEF /* XCRemoteSwiftPackageReference "purchases-ios" */;
			productName = RevenueCatUI;
		};
		26F02C0F2F36396100270AC3 /* FirebaseAnalytics */ = {
			isa = XCSwiftPackageProductDependency;
			package = 26C599742F0FAF2200D7A1DE /* XCRemoteSwiftPackageReference "firebase-ios-sdk" */;
			productName = FirebaseAnalytics;
		};
		26F1AAB52F17E5A800B18BF9 /* FirebaseStorage */ = {
			isa = XCSwiftPackageProductDependency;
			package = 26C599742F0FAF2200D7A1DE /* XCRemoteSwiftPackageReference "firebase-ios-sdk" */;
			productName = FirebaseStorage;
		};
		26FD54D42F44FB8000364A2E /* FirebaseFunctions */ = {
			isa = XCSwiftPackageProductDependency;
			package = 26C599742F0FAF2200D7A1DE /* XCRemoteSwiftPackageReference "firebase-ios-sdk" */;
			productName = FirebaseFunctions;
		};
/* End XCSwiftPackageProductDependency section */
	};
	rootObject = 26CA90EA2F032E9500E21190 /* Project object */;
}
